# This file was autogenerated by Stack.
# You should not edit this file by hand.
# For more information, please see the documentation at:
#   https://docs.haskellstack.org/en/stable/topics/lock_files

packages:
- completed:
    hackage: mersenne-random-pure64-0.2.0.5@sha256:8f98b614aeed639713f01155e912aa6ad117073d0863f5783d1577764fd85b1a,2426
    pantry-tree:
      sha256: ebb9099e88f5e7cadefa217e588559712f52fae7d86721c837cb4fa39efec1fa
      size: 867
  original:
    hackage: mersenne-random-pure64-0.2.0.5@sha256:8f98b614aeed639713f01155e912aa6ad117073d0863f5783d1577764fd85b1a,2426
snapshots:
- completed:
    sha256: 45b164eaf5c16bd220d2c5d7ab9a66ca0cfbcde7753703a5cb3549172adde813
    size: 728959
    url: https://raw.githubusercontent.com/commercialhaskell/stackage-snapshots/master/lts/24/34.yaml
  original: lts-24.34
